
Microsoft Visual Studio Solution File, Format Version 12.00
# Visual Studio Version 16
VisualStudioVersion = 16.0.30114.105
MinimumVisualStudioVersion = 10.0.40219.1
Project("{FAE04EC0-301F-11D3-BF4B-00C04F79EFBC}") = "AppIMCMVVM.UWP", "AppIMCMVVM\AppIMCMVVM.UWP\AppIMCMVVM.UWP.csproj", "{EE7964AF-05A6-448C-9230-5804A3910523}"
EndProject
Project("{FAE04EC0-301F-11D3-BF4B-00C04F79EFBC}") = "AppIMCMVVM.Android", "AppIMCMVVM\AppIMCMVVM.Android\AppIMCMVVM.Android.csproj", "{F7C33BF2-08F8-4614-8C03-4AEC69D8AC97}"
EndProject
Project("{FAE04EC0-301F-11D3-BF4B-00C04F79EFBC}") = "AppIMCMVVM.iOS", "AppIMCMVVM\AppIMCMVVM.iOS\AppIMCMVVM.iOS.csproj", "{29AD09F3-0B55-46E4-811D-CC623CC6566D}"
EndProject
Project("{FAE04EC0-301F-11D3-BF4B-00C04F79EFBC}") = "AppIMCMVVM", "AppIMCMVVM\AppIMCMVVM\AppIMCMVVM.csproj", "{905E5C6F-8935-4636-8E81-ECD04E3A6FC8}"
EndProject
Global
	GlobalSection(SolutionConfigurationPlatforms) = preSolution
		Debug|Any CPU = Debug|Any CPU
		Debug|ARM = Debug|ARM
		Debug|iPhone = Debug|iPhone
		Debug|iPhoneSimulator = Debug|iPhoneSimulator
		Debug|x64 = Debug|x64
		Debug|x86 = Debug|x86
		Release|Any CPU = Release|Any CPU
		Release|ARM = Release|ARM
		Release|iPhone = Release|iPhone
		Release|iPhoneSimulator = Release|iPhoneSimulator
		Release|x64 = Release|x64
		Release|x86 = Release|x86
	EndGlobalSection
	GlobalSection(ProjectConfigurationPlatforms) = postSolution
		{EE7964AF-05A6-448C-9230-5804A3910523}.Debug|Any CPU.ActiveCfg = Debug|x86
		{EE7964AF-05A6-448C-9230-5804A3910523}.Debug|Any CPU.Build.0 = Debug|x86
		{EE7964AF-05A6-448C-9230-5804A3910523}.Debug|Any CPU.Deploy.0 = Debug|x86
		{EE7964AF-05A6-448C-9230-5804A3910523}.Debug|ARM.ActiveCfg = Debug|ARM
		{EE7964AF-05A6-448C-9230-5804A3910523}.Debug|ARM.Build.0 = Debug|ARM
		{EE7964AF-05A6-448C-9230-5804A3910523}.Debug|ARM.Deploy.0 = Debug|ARM
		{EE7964AF-05A6-448C-9230-5804A3910523}.Debug|iPhone.ActiveCfg = Debug|x86
		{EE7964AF-05A6-448C-9230-5804A3910523}.Debug|iPhone.Build.0 = Debug|x86
		{EE7964AF-05A6-448C-9230-5804A3910523}.Debug|iPhone.Deploy.0 = Debug|x86
		{EE7964AF-05A6-448C-9230-5804A3910523}.Debug|iPhoneSimulator.ActiveCfg = Debug|x86
		{EE7964AF-05A6-448C-9230-5804A3910523}.Debug|iPhoneSimulator.Build.0 = Debug|x86
		{EE7964AF-05A6-448C-9230-5804A3910523}.Debug|iPhoneSimulator.Deploy.0 = Debug|x86
		{EE7964AF-05A6-448C-9230-5804A3910523}.Debug|x64.ActiveCfg = Debug|x64
		{EE7964AF-05A6-448C-9230-5804A3910523}.Debug|x64.Build.0 = Debug|x64
		{EE7964AF-05A6-448C-9230-5804A3910523}.Debug|x64.Deploy.0 = Debug|x64
		{EE7964AF-05A6-448C-9230-5804A3910523}.Debug|x86.ActiveCfg = Debug|x86
		{EE7964AF-05A6-448C-9230-5804A3910523}.Debug|x86.Build.0 = Debug|x86
		{EE7964AF-05A6-448C-9230-5804A3910523}.Debug|x86.Deploy.0 = Debug|x86
		{EE7964AF-05A6-448C-9230-5804A3910523}.Release|Any CPU.ActiveCfg = Release|x86
		{EE7964AF-05A6-448C-9230-5804A3910523}.Release|Any CPU.Build.0 = Release|x86
		{EE7964AF-05A6-448C-9230-5804A3910523}.Release|Any CPU.Deploy.0 = Release|x86
		{EE7964AF-05A6-448C-9230-5804A3910523}.Release|ARM.ActiveCfg = Release|ARM
		{EE7964AF-05A6-448C-9230-5804A3910523}.Release|ARM.Build.0 = Release|ARM
		{EE7964AF-05A6-448C-9230-5804A3910523}.Release|ARM.Deploy.0 = Release|ARM
		{EE7964AF-05A6-448C-9230-5804A3910523}.Release|iPhone.ActiveCfg = Release|x86
		{EE7964AF-05A6-448C-9230-5804A3910523}.Release|iPhone.Build.0 = Release|x86
		{EE7964AF-05A6-448C-9230-5804A3910523}.Release|iPhone.Deploy.0 = Release|x86
		{EE7964AF-05A6-448C-9230-5804A3910523}.Release|iPhoneSimulator.ActiveCfg = Release|x86
		{EE7964AF-05A6-448C-9230-5804A3910523}.Release|iPhoneSimulator.Build.0 = Release|x86
		{EE7964AF-05A6-448C-9230-5804A3910523}.Release|iPhoneSimulator.Deploy.0 = Release|x86
		{EE7964AF-05A6-448C-9230-5804A3910523}.Release|x64.ActiveCfg = Release|x64
		{EE7964AF-05A6-448C-9230-5804A3910523}.Release|x64.Build.0 = Release|x64
		{EE7964AF-05A6-448C-9230-5804A3910523}.Release|x64.Deploy.0 = Release|x64
		{EE7964AF-05A6-448C-9230-5804A3910523}.Release|x86.ActiveCfg = Release|x86
		{EE7964AF-05A6-448C-9230-5804A3910523}.Release|x86.Build.0 = Release|x86
		{EE7964AF-05A6-448C-9230-5804A3910523}.Release|x86.Deploy.0 = Release|x86
		{F7C33BF2-08F8-4614-8C03-4AEC69D8AC97}.Debug|Any CPU.ActiveCfg = Debug|Any CPU
		{F7C33BF2-08F8-4614-8C03-4AEC69D8AC97}.Debug|Any CPU.Build.0 = Debug|Any CPU
		{F7C33BF2-08F8-4614-8C03-4AEC69D8AC97}.Debug|Any CPU.Deploy.0 = Debug|Any CPU
		{F7C33BF2-08F8-4614-8C03-4AEC69D8AC97}.Debug|ARM.ActiveCfg = Debug|Any CPU
		{F7C33BF2-08F8-4614-8C03-4AEC69D8AC97}.Debug|ARM.Build.0 = Debug|Any CPU
		{F7C33BF2-08F8-4614-8C03-4AEC69D8AC97}.Debug|ARM.Deploy.0 = Debug|Any CPU
		{F7C33BF2-08F8-4614-8C03-4AEC69D8AC97}.Debug|iPhone.ActiveCfg = Debug|Any CPU
		{F7C33BF2-08F8-4614-8C03-4AEC69D8AC97}.Debug|iPhone.Build.0 = Debug|Any CPU
		{F7C33BF2-08F8-4614-8C03-4AEC69D8AC97}.Debug|iPhone.Deploy.0 = Debug|Any CPU
		{F7C33BF2-08F8-4614-8C03-4AEC69D8AC97}.Debug|iPhoneSimulator.ActiveCfg = Debug|Any CPU
		{F7C33BF2-08F8-4614-8C03-4AEC69D8AC97}.Debug|iPhoneSimulator.Build.0 = Debug|Any CPU
		{F7C33BF2-08F8-4614-8C03-4AEC69D8AC97}.Debug|iPhoneSimulator.Deploy.0 = Debug|Any CPU
		{F7C33BF2-08F8-4614-8C03-4AEC69D8AC97}.Debug|x64.ActiveCfg = Debug|Any CPU
		{F7C33BF2-08F8-4614-8C03-4AEC69D8AC97}.Debug|x64.Build.0 = Debug|Any CPU
		{F7C33BF2-08F8-4614-8C03-4AEC69D8AC97}.Debug|x64.Deploy.0 = Debug|Any CPU
		{F7C33BF2-08F8-4614-8C03-4AEC69D8AC97}.Debug|x86.ActiveCfg = Debug|Any CPU
		{F7C33BF2-08F8-4614-8C03-4AEC69D8AC97}.Debug|x86.Build.0 = Debug|Any CPU
		{F7C33BF2-08F8-4614-8C03-4AEC69D8AC97}.Debug|x86.Deploy.0 = Debug|Any CPU
		{F7C33BF2-08F8-4614-8C03-4AEC69D8AC97}.Release|Any CPU.ActiveCfg = Release|Any CPU
		{F7C33BF2-08F8-4614-8C03-4AEC69D8AC97}.Release|Any CPU.Build.0 = Release|Any CPU
		{F7C33BF2-08F8-4614-8C03-4AEC69D8AC97}.Release|Any CPU.Deploy.0 = Release|Any CPU
		{F7C33BF2-08F8-4614-8C03-4AEC69D8AC97}.Release|ARM.ActiveCfg = Release|Any CPU
		{F7C33BF2-08F8-4614-8C03-4AEC69D8AC97}.Release|ARM.Build.0 = Release|Any CPU
		{F7C33BF2-08F8-4614-8C03-4AEC69D8AC97}.Release|ARM.Deploy.0 = Release|Any CPU
		{F7C33BF2-08F8-4614-8C03-4AEC69D8AC97}.Release|iPhone.ActiveCfg = Release|Any CPU
		{F7C33BF2-08F8-4614-8C03-4AEC69D8AC97}.Release|iPhone.Build.0 = Release|Any CPU
		{F7C33BF2-08F8-4614-8C03-4AEC69D8AC97}.Release|iPhone.Deploy.0 = Release|Any CPU
		{F7C33BF2-08F8-4614-8C03-4AEC69D8AC97}.Release|iPhoneSimulator.ActiveCfg = Release|Any CPU
		{F7C33BF2-08F8-4614-8C03-4AEC69D8AC97}.Release|iPhoneSimulator.Build.0 = Release|Any CPU
		{F7C33BF2-08F8-4614-8C03-4AEC69D8AC97}.Release|iPhoneSimulator.Deploy.0 = Release|Any CPU
		{F7C33BF2-08F8-4614-8C03-4AEC69D8AC97}.Release|x64.ActiveCfg = Release|Any CPU
		{F7C33BF2-08F8-4614-8C03-4AEC69D8AC97}.Release|x64.Build.0 = Release|Any CPU
		{F7C33BF2-08F8-4614-8C03-4AEC69D8AC97}.Release|x64.Deploy.0 = Release|Any CPU
		{F7C33BF2-08F8-4614-8C03-4AEC69D8AC97}.Release|x86.ActiveCfg = Release|Any CPU
		{F7C33BF2-08F8-4614-8C03-4AEC69D8AC97}.Release|x86.Build.0 = Release|Any CPU
		{F7C33BF2-08F8-4614-8C03-4AEC69D8AC97}.Release|x86.Deploy.0 = Release|Any CPU
		{29AD09F3-0B55-46E4-811D-CC623CC6566D}.Debug|Any CPU.ActiveCfg = Debug|iPhone
		{29AD09F3-0B55-46E4-811D-CC623CC6566D}.Debug|Any CPU.Build.0 = Debug|iPhone
		{29AD09F3-0B55-46E4-811D-CC623CC6566D}.Debug|Any CPU.Deploy.0 = Debug|iPhone
		{29AD09F3-0B55-46E4-811D-CC623CC6566D}.Debug|ARM.ActiveCfg = Debug|iPhone
		{29AD09F3-0B55-46E4-811D-CC623CC6566D}.Debug|ARM.Build.0 = Debug|iPhone
		{29AD09F3-0B55-46E4-811D-CC623CC6566D}.Debug|ARM.Deploy.0 = Debug|iPhone
		{29AD09F3-0B55-46E4-811D-CC623CC6566D}.Debug|iPhone.ActiveCfg = Debug|iPhone
		{29AD09F3-0B55-46E4-811D-CC623CC6566D}.Debug|iPhone.Build.0 = Debug|iPhone
		{29AD09F3-0B55-46E4-811D-CC623CC6566D}.Debug|iPhone.Deploy.0 = Debug|iPhone
		{29AD09F3-0B55-46E4-811D-CC623CC6566D}.Debug|iPhoneSimulator.ActiveCfg = Debug|iPhoneSimulator
		{29AD09F3-0B55-46E4-811D-CC623CC6566D}.Debug|iPhoneSimulator.Build.0 = Debug|iPhoneSimulator
		{29AD09F3-0B55-46E4-811D-CC623CC6566D}.Debug|iPhoneSimulator.Deploy.0 = Debug|iPhoneSimulator
		{29AD09F3-0B55-46E4-811D-CC623CC6566D}.Debug|x64.ActiveCfg = Debug|iPhone
		{29AD09F3-0B55-46E4-811D-CC623CC6566D}.Debug|x64.Build.0 = Debug|iPhone
		{29AD09F3-0B55-46E4-811D-CC623CC6566D}.Debug|x64.Deploy.0 = Debug|iPhone
		{29AD09F3-0B55-46E4-811D-CC623CC6566D}.Debug|x86.ActiveCfg = Debug|iPhone
		{29AD09F3-0B55-46E4-811D-CC623CC6566D}.Debug|x86.Build.0 = Debug|iPhone
		{29AD09F3-0B55-46E4-811D-CC623CC6566D}.Debug|x86.Deploy.0 = Debug|iPhone
		{29AD09F3-0B55-46E4-811D-CC623CC6566D}.Release|Any CPU.ActiveCfg = Release|iPhone
		{29AD09F3-0B55-46E4-811D-CC623CC6566D}.Release|Any CPU.Build.0 = Release|iPhone
		{29AD09F3-0B55-46E4-811D-CC623CC6566D}.Release|Any CPU.Deploy.0 = Release|iPhone
		{29AD09F3-0B55-46E4-811D-CC623CC6566D}.Release|ARM.ActiveCfg = Release|iPhone
		{29AD09F3-0B55-46E4-811D-CC623CC6566D}.Release|ARM.Build.0 = Release|iPhone
		{29AD09F3-0B55-46E4-811D-CC623CC6566D}.Release|ARM.Deploy.0 = Release|iPhone
		{29AD09F3-0B55-46E4-811D-CC623CC6566D}.Release|iPhone.ActiveCfg = Release|iPhone
		{29AD09F3-0B55-46E4-811D-CC623CC6566D}.Release|iPhone.Build.0 = Release|iPhone
		{29AD09F3-0B55-46E4-811D-CC623CC6566D}.Release|iPhone.Deploy.0 = Release|iPhone
		{29AD09F3-0B55-46E4-811D-CC623CC6566D}.Release|iPhoneSimulator.ActiveCfg = Release|iPhoneSimulator
		{29AD09F3-0B55-46E4-811D-CC623CC6566D}.Release|iPhoneSimulator.Build.0 = Release|iPhoneSimulator
		{29AD09F3-0B55-46E4-811D-CC623CC6566D}.Release|iPhoneSimulator.Deploy.0 = Release|iPhoneSimulator
		{29AD09F3-0B55-46E4-811D-CC623CC6566D}.Release|x64.ActiveCfg = Release|iPhone
		{29AD09F3-0B55-46E4-811D-CC623CC6566D}.Release|x64.Build.0 = Release|iPhone
		{29AD09F3-0B55-46E4-811D-CC623CC6566D}.Release|x64.Deploy.0 = Release|iPhone
		{29AD09F3-0B55-46E4-811D-CC623CC6566D}.Release|x86.ActiveCfg = Release|iPhone
		{29AD09F3-0B55-46E4-811D-CC623CC6566D}.Release|x86.Build.0 = Release|iPhone
		{29AD09F3-0B55-46E4-811D-CC623CC6566D}.Release|x86.Deploy.0 = Release|iPhone
		{905E5C6F-8935-4636-8E81-ECD04E3A6FC8}.Debug|Any CPU.ActiveCfg = Debug|Any CPU
		{905E5C6F-8935-4636-8E81-ECD04E3A6FC8}.Debug|Any CPU.Build.0 = Debug|Any CPU
		{905E5C6F-8935-4636-8E81-ECD04E3A6FC8}.Debug|Any CPU.Deploy.0 = Debug|Any CPU
		{905E5C6F-8935-4636-8E81-ECD04E3A6FC8}.Debug|ARM.ActiveCfg = Debug|Any CPU
		{905E5C6F-8935-4636-8E81-ECD04E3A6FC8}.Debug|ARM.Build.0 = Debug|Any CPU
		{905E5C6F-8935-4636-8E81-ECD04E3A6FC8}.Debug|ARM.Deploy.0 = Debug|Any CPU
		{905E5C6F-8935-4636-8E81-ECD04E3A6FC8}.Debug|iPhone.ActiveCfg = Debug|Any CPU
		{905E5C6F-8935-4636-8E81-ECD04E3A6FC8}.Debug|iPhone.Build.0 = Debug|Any CPU
		{905E5C6F-8935-4636-8E81-ECD04E3A6FC8}.Debug|iPhone.Deploy.0 = Debug|Any CPU
		{905E5C6F-8935-4636-8E81-ECD04E3A6FC8}.Debug|iPhoneSimulator.ActiveCfg = Debug|Any CPU
		{905E5C6F-8935-4636-8E81-ECD04E3A6FC8}.Debug|iPhoneSimulator.Build.0 = Debug|Any CPU
		{905E5C6F-8935-4636-8E81-ECD04E3A6FC8}.Debug|iPhoneSimulator.Deploy.0 = Debug|Any CPU
		{905E5C6F-8935-4636-8E81-ECD04E3A6FC8}.Debug|x64.ActiveCfg = Debug|Any CPU
		{905E5C6F-8935-4636-8E81-ECD04E3A6FC8}.Debug|x64.Build.0 = Debug|Any CPU
		{905E5C6F-8935-4636-8E81-ECD04E3A6FC8}.Debug|x64.Deploy.0 = Debug|Any CPU
		{905E5C6F-8935-4636-8E81-ECD04E3A6FC8}.Debug|x86.ActiveCfg = Debug|Any CPU
		{905E5C6F-8935-4636-8E81-ECD04E3A6FC8}.Debug|x86.Build.0 = Debug|Any CPU
		{905E5C6F-8935-4636-8E81-ECD04E3A6FC8}.Debug|x86.Deploy.0 = Debug|Any CPU
		{905E5C6F-8935-4636-8E81-ECD04E3A6FC8}.Release|Any CPU.ActiveCfg = Release|Any CPU
		{905E5C6F-8935-4636-8E81-ECD04E3A6FC8}.Release|Any CPU.Build.0 = Release|Any CPU
		{905E5C6F-8935-4636-8E81-ECD04E3A6FC8}.Release|Any CPU.Deploy.0 = Release|Any CPU
		{905E5C6F-8935-4636-8E81-ECD04E3A6FC8}.Release|ARM.ActiveCfg = Release|Any CPU
		{905E5C6F-8935-4636-8E81-ECD04E3A6FC8}.Release|ARM.Build.0 = Release|Any CPU
		{905E5C6F-8935-4636-8E81-ECD04E3A6FC8}.Release|ARM.Deploy.0 = Release|Any CPU
		{905E5C6F-8935-4636-8E81-ECD04E3A6FC8}.Release|iPhone.ActiveCfg = Release|Any CPU
		{905E5C6F-8935-4636-8E81-ECD04E3A6FC8}.Release|iPhone.Build.0 = Release|Any CPU
		{905E5C6F-8935-4636-8E81-ECD04E3A6FC8}.Release|iPhone.Deploy.0 = Release|Any CPU
		{905E5C6F-8935-4636-8E81-ECD04E3A6FC8}.Release|iPhoneSimulator.ActiveCfg = Release|Any CPU
		{905E5C6F-8935-4636-8E81-ECD04E3A6FC8}.Release|iPhoneSimulator.Build.0 = Release|Any CPU
		{905E5C6F-8935-4636-8E81-ECD04E3A6FC8}.Release|iPhoneSimulator.Deploy.0 = Release|Any CPU
		{905E5C6F-8935-4636-8E81-ECD04E3A6FC8}.Release|x64.ActiveCfg = Release|Any CPU
		{905E5C6F-8935-4636-8E81-ECD04E3A6FC8}.Release|x64.Build.0 = Release|Any CPU
		{905E5C6F-8935-4636-8E81-ECD04E3A6FC8}.Release|x64.Deploy.0 = Release|Any CPU
		{905E5C6F-8935-4636-8E81-ECD04E3A6FC8}.Release|x86.ActiveCfg = Release|Any CPU
		{905E5C6F-8935-4636-8E81-ECD04E3A6FC8}.Release|x86.Build.0 = Release|Any CPU
		{905E5C6F-8935-4636-8E81-ECD04E3A6FC8}.Release|x86.Deploy.0 = Release|Any CPU
	EndGlobalSection
	GlobalSection(SolutionProperties) = preSolution
		HideSolutionNode = FALSE
	EndGlobalSection
	GlobalSection(ExtensibilityGlobals) = postSolution
		SolutionGuid = {CBCA3549-C069-4C6E-8D51-FEAAE0724F17}
	EndGlobalSection
EndGlobal
